// !$*UTF8*$!
{
	archiveVersion = 1;
	classes = {
	};
	objectVersion = 46;
	objects = {

/* Begin PBXBuildFile section */
		3FF5CBAE1DDB7905007F7AB8 /* AppDelegate.swift in Sources */ = {isa = PBXBuildFile; fileRef = 3FF5CBAD1DDB7905007F7AB8 /* AppDelegate.swift */; };
		3FF5CBB01DDB7905007F7AB8 /* ViewController.swift in Sources */ = {isa = PBXBuildFile; fileRef = 3FF5CBAF1DDB7905007F7AB8 /* ViewController.swift */; };
		3FF5CBB31DDB7905007F7AB8 /* Main.storyboard in Resources */ = {isa = PBXBuildFile; fileRef = 3FF5CBB11DDB7905007F7AB8 /* Main.storyboard */; };
		3FF5CBB51DDB7905007F7AB8 /* Assets.xcassets in Resources */ = {isa = PBXBuildFile; fileRef = 3FF5CBB41DDB7905007F7AB8 /* Assets.xcassets */; };
		3FF5CBB81DDB7905007F7AB8 /* LaunchScreen.storyboard in Resources */ = {isa = PBXBuildFile; fileRef = 3FF5CBB61DDB7905007F7AB8 /* LaunchScreen.storyboard */; };
		3FF5CBC31DDB7906007F7AB8 /* TicTacToeTests.swift in Sources */ = {isa = PBXBuildFile; fileRef = 3FF5CBC21DDB7906007F7AB8 /* TicTacToeTests.swift */; };
		3FF5CBCE1DDB7906007F7AB8 /* TicTacToeUITests.swift in Sources */ = {isa = PBXBuildFile; fileRef = 3FF5CBCD1DDB7906007F7AB8 /* TicTacToeUITests.swift */; };
		3FF5CBDC1DDB7BE5007F7AB8 /* GridLabel.swift in Sources */ = {isa = PBXBuildFile; fileRef = 3FF5CBDB1DDB7BE5007F7AB8 /* GridLabel.swift */; };
/* End PBXBuildFile section */

/* Begin PBXContainerItemProxy section */
		3FF5CBBF1DDB7906007F7AB8 /* PBXContainerItemProxy */ = {
			isa = PBXContainerItemProxy;
			containerPortal = 3FF5CBA21DDB7905007F7AB8 /* Project object */;
			proxyType = 1;
			remoteGlobalIDString = 3FF5CBA91DDB7905007F7AB8;
			remoteInfo = TicTacToe;
		};
		3FF5CBCA1DDB7906007F7AB8 /* PBXContainerItemProxy */ = {
			isa = PBXContainerItemProxy;
			containerPortal = 3FF5CBA21DDB7905007F7AB8 /* Project object */;
			proxyType = 1;
			remoteGlobalIDString = 3FF5CBA91DDB7905007F7AB8;
			remoteInfo = TicTacToe;
		};
/* End PBXContainerItemProxy section */

/* Begin PBXFileReference section */
		3FF5CBAA1DDB7905007F7AB8 /* TicTacToe.app */ = {isa = PBXFileReference; explicitFileType = wrapper.application; includeInIndex = 0; path = TicTacToe.app; sourceTree = BUILT_PRODUCTS_DIR; };
		3FF5CBAD1DDB7905007F7AB8 /* AppDelegate.swift */ = {isa = PBXFileReference; lastKnownFileType = sourcecode.swift; path = AppDelegate.swift; sourceTree = "<group>"; };
		3FF5CBAF1DDB7905007F7AB8 /* ViewController.swift */ = {isa = PBXFileReference; lastKnownFileType = sourcecode.swift; path = ViewController.swift; sourceTree = "<group>"; };
		3FF5CBB21DDB7905007F7AB8 /* Base */ = {isa = PBXFileReference; lastKnownFileType = file.storyboard; name = Base; path = Base.lproj/Main.storyboard; sourceTree = "<group>"; };
		3FF5CBB41DDB7905007F7AB8 /* Assets.xcassets */ = {isa = PBXFileReference; lastKnownFileType = folder.assetcatalog; path = Assets.xcassets; sourceTree = "<group>"; };
		3FF5CBB71DDB7905007F7AB8 /* Base */ = {isa = PBXFileReference; lastKnownFileType = file.storyboard; name = Base; path = Base.lproj/LaunchScreen.storyboard; sourceTree = "<group>"; };
		3FF5CBB91DDB7905007F7AB8 /* Info.plist */ = {isa = PBXFileReference; lastKnownFileType = text.plist.xml; path = Info.plist; sourceTree = "<group>"; };
		3FF5CBBE1DDB7906007F7AB8 /* TicTacToeTests.xctest */ = {isa = PBXFileReference; explicitFileType = wrapper.cfbundle; includeInIndex = 0; path = TicTacToeTests.xctest; sourceTree = BUILT_PRODUCTS_DIR; };
		3FF5CBC21DDB7906007F7AB8 /* TicTacToeTests.swift */ = {isa = PBXFileReference; lastKnownFileType = sourcecode.swift; path = TicTacToeTests.swift; sourceTree = "<group>"; };
		3FF5CBC41DDB7906007F7AB8 /* Info.plist */ = {isa = PBXFileReference; lastKnownFileType = text.plist.xml; path = Info.plist; sourceTree = "<group>"; };
		3FF5CBC91DDB7906007F7AB8 /* TicTacToeUITests.xctest */ = {isa = PBXFileReference; explicitFileType = wrapper.cfbundle; includeInIndex = 0; path = TicTacToeUITests.xctest; sourceTree = BUILT_PRODUCTS_DIR; };
		3FF5CBCD1DDB7906007F7AB8 /* TicTacToeUITests.swift */ = {isa = PBXFileReference; lastKnownFileType = sourcecode.swift; path = TicTacToeUITests.swift; sourceTree = "<group>"; };
		3FF5CBCF1DDB7906007F7AB8 /* Info.plist */ = {isa = PBXFileReference; lastKnownFileType = text.plist.xml; path = Info.plist; sourceTree = "<group>"; };
		3FF5CBDB1DDB7BE5007F7AB8 /* GridLabel.swift */ = {isa = PBXFileReference; fileEncoding = 4; lastKnownFileType = sourcecode.swift; path = GridLabel.swift; sourceTree = "<group>"; };
/* End PBXFileReference section */

/* Begin PBXFrameworksBuildPhase section */
		3FF5CBA71DDB7905007F7AB8 /* Frameworks */ = {
			isa = PBXFrameworksBuildPhase;
			buildActionMask = 2147483647;
			files = (
			);
			runOnlyForDeploymentPostprocessing = 0;
		};
		3FF5CBBB1DDB7906007F7AB8 /* Frameworks */ = {
			isa = PBXFrameworksBuildPhase;
			buildActionMask = 2147483647;
			files = (
			);
			runOnlyForDeploymentPostprocessing = 0;
		};
		3FF5CBC61DDB7906007F7AB8 /* Frameworks */ = {
			isa = PBXFrameworksBuildPhase;
			buildActionMask = 2147483647;
			files = (
			);
			runOnlyForDeploymentPostprocessing = 0;
		};
/* End PBXFrameworksBuildPhase section */

/* Begin PBXGroup section */
		3FF5CBA11DDB7905007F7AB8 = {
			isa = PBXGroup;
			children = (
				3FF5CBAC1DDB7905007F7AB8 /* TicTacToe */,
				3FF5CBC11DDB7906007F7AB8 /* TicTacToeTests */,
				3FF5CBCC1DDB7906007F7AB8 /* TicTacToeUITests */,
				3FF5CBAB1DDB7905007F7AB8 /* Products */,
			);
			sourceTree = "<group>";
		};
		3FF5CBAB1DDB7905007F7AB8 /* Products */ = {
			isa = PBXGroup;
			children = (
				3FF5CBAA1DDB7905007F7AB8 /* TicTacToe.app */,
				3FF5CBBE1DDB7906007F7AB8 /* TicTacToeTests.xctest */,
				3FF5CBC91DDB7906007F7AB8 /* TicTacToeUITests.xctest */,
			);
			name = Products;
			sourceTree = "<group>";
		};
		3FF5CBAC1DDB7905007F7AB8 /* TicTacToe */ = {
			isa = PBXGroup;
			children = (
				3FF5CBAD1DDB7905007F7AB8 /* AppDelegate.swift */,
				3FF5CBAF1DDB7905007F7AB8 /* ViewController.swift */,
				3FF5CBB11DDB7905007F7AB8 /* Main.storyboard */,
				3FF5CBDB1DDB7BE5007F7AB8 /* GridLabel.swift */,
				3FF5CBB41DDB7905007F7AB8 /* Assets.xcassets */,
				3FF5CBB61DDB7905007F7AB8 /* LaunchScreen.storyboard */,
				3FF5CBB91DDB7905007F7AB8 /* Info.plist */,
			);
			path = TicTacToe;
			sourceTree = "<group>";
		};
		3FF5CBC11DDB7906007F7AB8 /* TicTacToeTests */ = {
			isa = PBXGroup;
			children = (
				3FF5CBC21DDB7906007F7AB8 /* TicTacToeTests.swift */,
				3FF5CBC41DDB7906007F7AB8 /* Info.plist */,
			);
			path = TicTacToeTests;
			sourceTree = "<group>";
		};
		3FF5CBCC1DDB7906007F7AB8 /* TicTacToeUITests */ = {
			isa = PBXGroup;
			children = (
				3FF5CBCD1DDB7906007F7AB8 /* TicTacToeUITests.swift */,
				3FF5CBCF1DDB7906007F7AB8 /* Info.plist */,
			);
			path = TicTacToeUITests;
			sourceTree = "<group>";
		};
/* End PBXGroup section */

/* Begin PBXNativeTarget section */
		3FF5CBA91DDB7905007F7AB8 /* TicTacToe */ = {
			isa = PBXNativeTarget;
			buildConfigurationList = 3FF5CBD21DDB7906007F7AB8 /* Build configuration list for PBXNativeTarget "TicTacToe" */;
			buildPhases = (
				3FF5CBA61DDB7905007F7AB8 /* Sources */,
				3FF5CBA71DDB7905007F7AB8 /* Frameworks */,
				3FF5CBA81DDB7905007F7AB8 /* Resources */,
			);
			buildRules = (
			);
			dependencies = (
			);
			name = TicTacToe;
			productName = TicTacToe;
			productReference = 3FF5CBAA1DDB7905007F7AB8 /* TicTacToe.app */;
			productType = "com.apple.product-type.application";
		};
		3FF5CBBD1DDB7906007F7AB8 /* TicTacToeTests */ = {
			isa = PBXNativeTarget;
			buildConfigurationList = 3FF5CBD51DDB7906007F7AB8 /* Build configuration list for PBXNativeTarget "TicTacToeTests" */;
			buildPhases = (
				3FF5CBBA1DDB7906007F7AB8 /* Sources */,
				3FF5CBBB1DDB7906007F7AB8 /* Frameworks */,
				3FF5CBBC1DDB7906007F7AB8 /* Resources */,
			);
			buildRules = (
			);
			dependencies = (
				3FF5CBC01DDB7906007F7AB8 /* PBXTargetDependency */,
			);
			name = TicTacToeTests;
			productName = TicTacToeTests;
			productReference = 3FF5CBBE1DDB7906007F7AB8 /* TicTacToeTests.xctest */;
			productType = "com.apple.product-type.bundle.unit-test";
		};
		3FF5CBC81DDB7906007F7AB8 /* TicTacToeUITests */ = {
			isa = PBXNativeTarget;
			buildConfigurationList = 3FF5CBD81DDB7906007F7AB8 /* Build configuration list for PBXNativeTarget "TicTacToeUITests" */;
			buildPhases = (
				3FF5CBC51DDB7906007F7AB8 /* Sources */,
				3FF5CBC61DDB7906007F7AB8 /* Frameworks */,
				3FF5CBC71DDB7906007F7AB8 /* Resources */,
			);
			buildRules = (
			);
			dependencies = (
				3FF5CBCB1DDB7906007F7AB8 /* PBXTargetDependency */,
			);
			name = TicTacToeUITests;
			productName = TicTacToeUITests;
			productReference = 3FF5CBC91DDB7906007F7AB8 /* TicTacToeUITests.xctest */;
			productType = "com.apple.product-type.bundle.ui-testing";
		};
/* End PBXNativeTarget section */

/* Begin PBXProject section */
		3FF5CBA21DDB7905007F7AB8 /* Project object */ = {
			isa = PBXProject;
			attributes = {
				LastSwiftUpdateCheck = 0810;
				LastUpgradeCheck = 0810;
				ORGANIZATIONNAME = "Reagan W. Davenport";
				TargetAttributes = {
					3FF5CBA91DDB7905007F7AB8 = {
						CreatedOnToolsVersion = 8.1;
						DevelopmentTeam = 4985R99DYD;
						ProvisioningStyle = Automatic;
					};
					3FF5CBBD1DDB7906007F7AB8 = {
						CreatedOnToolsVersion = 8.1;
						ProvisioningStyle = Automatic;
						TestTargetID = 3FF5CBA91DDB7905007F7AB8;
					};
					3FF5CBC81DDB7906007F7AB8 = {
						CreatedOnToolsVersion = 8.1;
						ProvisioningStyle = Automatic;
						TestTargetID = 3FF5CBA91DDB7905007F7AB8;
					};
				};
			};
			buildConfigurationList = 3FF5CBA51DDB7905007F7AB8 /* Build configuration list for PBXProject "TicTacToe" */;
			compatibilityVersion = "Xcode 3.2";
			developmentRegion = English;
			hasScannedForEncodings = 0;
			knownRegions = (
				en,
				Base,
			);
			mainGroup = 3FF5CBA11DDB7905007F7AB8;
			productRefGroup = 3FF5CBAB1DDB7905007F7AB8 /* Products */;
			projectDirPath = "";
			projectRoot = "";
			targets = (
				3FF5CBA91DDB7905007F7AB8 /* TicTacToe */,
				3FF5CBBD1DDB7906007F7AB8 /* TicTacToeTests */,
				3FF5CBC81DDB7906007F7AB8 /* TicTacToeUITests */,
			);
		};
/* End PBXProject section */

/* Begin PBXResourcesBuildPhase section */
		3FF5CBA81DDB7905007F7AB8 /* Resources */ = {
			isa = PBXResourcesBuildPhase;
			buildActionMask = 2147483647;
			files = (
				3FF5CBB81DDB7905007F7AB8 /* LaunchScreen.storyboard in Resources */,
				3FF5CBB51DDB7905007F7AB8 /* Assets.xcassets in Resources */,
				3FF5CBB31DDB7905007F7AB8 /* Main.storyboard in Resources */,
			);
			runOnlyForDeploymentPostprocessing = 0;
		};
		3FF5CBBC1DDB7906007F7AB8 /* Resources */ = {
			isa = PBXResourcesBuildPhase;
			buildActionMask = 2147483647;
			files = (
			);
			runOnlyForDeploymentPostprocessing = 0;
		};
		3FF5CBC71DDB7906007F7AB8 /* Resources */ = {
			isa = PBXResourcesBuildPhase;
			buildActionMask = 2147483647;
			files = (
			);
			runOnlyForDeploymentPostprocessing = 0;
		};
/* End PBXResourcesBuildPhase section */

/* Begin PBXSourcesBuildPhase section */
		3FF5CBA61DDB7905007F7AB8 /* Sources */ = {
			isa = PBXSourcesBuildPhase;
			buildActionMask = 2147483647;
			files = (
				3FF5CBDC1DDB7BE5007F7AB8 /* GridLabel.swift in Sources */,
				3FF5CBB01DDB7905007F7AB8 /* ViewController.swift in Sources */,
				3FF5CBAE1DDB7905007F7AB8 /* AppDelegate.swift in Sources */,
			);
			runOnlyForDeploymentPostprocessing = 0;
		};
		3FF5CBBA1DDB7906007F7AB8 /* Sources */ = {
			isa = PBXSourcesBuildPhase;
			buildActionMask = 2147483647;
			files = (
				3FF5CBC31DDB7906007F7AB8 /* TicTacToeTests.swift in Sources */,
			);
			runOnlyForDeploymentPostprocessing = 0;
		};
		3FF5CBC51DDB7906007F7AB8 /* Sources */ = {
			isa = PBXSourcesBuildPhase;
			buildActionMask = 2147483647;
			files = (
				3FF5CBCE1DDB7906007F7AB8 /* TicTacToeUITests.swift in Sources */,
			);
			runOnlyForDeploymentPostprocessing = 0;
		};
/* End PBXSourcesBuildPhase section */

/* Begin PBXTargetDependency section */
		3FF5CBC01DDB7906007F7AB8 /* PBXTargetDependency */ = {
			isa = PBXTargetDependency;
			target = 3FF5CBA91DDB7905007F7AB8 /* TicTacToe */;
			targetProxy = 3FF5CBBF1DDB7906007F7AB8 /* PBXContainerItemProxy */;
		};
		3FF5CBCB1DDB7906007F7AB8 /* PBXTargetDependency */ = {
			isa = PBXTargetDependency;
			target = 3FF5CBA91DDB7905007F7AB8 /* TicTacToe */;
			targetProxy = 3FF5CBCA1DDB7906007F7AB8 /* PBXContainerItemProxy */;
		};
/* End PBXTargetDependency section */

/* Begin PBXVariantGroup section */
		3FF5CBB11DDB7905007F7AB8 /* Main.storyboard */ = {
			isa = PBXVariantGroup;
			children = (
				3FF5CBB21DDB7905007F7AB8 /* Base */,
			);
			name = Main.storyboard;
			sourceTree = "<group>";
		};
		3FF5CBB61DDB7905007F7AB8 /* LaunchScreen.storyboard */ = {
			isa = PBXVariantGroup;
			children = (
				3FF5CBB71DDB7905007F7AB8 /* Base */,
			);
			name = LaunchScreen.storyboard;
			sourceTree = "<group>";
		};
/* End PBXVariantGroup section */

/* Begin XCBuildConfiguration section */
		3FF5CBD01DDB7906007F7AB8 /* Debug */ = {
			isa = XCBuildConfiguration;
			buildSettings = {
				ALWAYS_SEARCH_USER_PATHS = NO;
				CLANG_ANALYZER_NONNULL = YES;
				CLANG_CXX_LANGUAGE_STANDARD = "gnu++0x";
				CLANG_CXX_LIBRARY = "libc++";
				CLANG_ENABLE_MODULES = YES;
				CLANG_ENABLE_OBJC_ARC = YES;
				CLANG_WARN_BOOL_CONVERSION = YES;
				CLANG_WARN_CONSTANT_CONVERSION = YES;
				CLANG_WARN_DIRECT_OBJC_ISA_USAGE = YES_ERROR;
				CLANG_WARN_DOCUMENTATION_COMMENTS = YES;
				CLANG_WARN_EMPTY_BODY = YES;
				CLANG_WARN_ENUM_CONVERSION = YES;
				CLANG_WARN_INFINITE_RECURSION = YES;
				CLANG_WARN_INT_CONVERSION = YES;
				CLANG_WARN_OBJC_ROOT_CLASS = YES_ERROR;
				CLANG_WARN_SUSPICIOUS_MOVES = YES;
				CLANG_WARN_UNREACHABLE_CODE = YES;
				CLANG_WARN__DUPLICATE_METHOD_MATCH = YES;
				"CODE_SIGN_IDENTITY[sdk=iphoneos*]" = "iPhone Developer";
				COPY_PHASE_STRIP = NO;
				DEBUG_INFORMATION_FORMAT = dwarf;
				ENABLE_STRICT_OBJC_MSGSEND = YES;
				ENABLE_TESTABILITY = YES;
				GCC_C_LANGUAGE_STANDARD = gnu99;
				GCC_DYNAMIC_NO_PIC = NO;
				GCC_NO_COMMON_BLOCKS = YES;
				GCC_OPTIMIZATION_LEVEL = 0;
				GCC_PREPROCESSOR_DEFINITIONS = (
					"DEBUG=1",
					"$(inherited)",
				);
				GCC_WARN_64_TO_32_BIT_CONVERSION = YES;
				GCC_WARN_ABOUT_RETURN_TYPE = YES_ERROR;
				GCC_WARN_UNDECLARED_SELECTOR = YES;
				GCC_WARN_UNINITIALIZED_AUTOS = YES_AGGRESSIVE;
				GCC_WARN_UNUSED_FUNCTION = YES;
				GCC_WARN_UNUSED_VARIABLE = YES;
				IPHONEOS_DEPLOYMENT_TARGET = 10.1;
				MTL_ENABLE_DEBUG_INFO = YES;
				ONLY_ACTIVE_ARCH = YES;
				SDKROOT = iphoneos;
				SWIFT_ACTIVE_COMPILATION_CONDITIONS = DEBUG;
				SWIFT_OPTIMIZATION_LEVEL = "-Onone";
				TARGETED_DEVICE_FAMILY = "1,2";
			};
			name = Debug;
		};
		3FF5CBD11DDB7906007F7AB8 /* Release */ = {
			isa = XCBuildConfiguration;
			buildSettings = {
				ALWAYS_SEARCH_USER_PATHS = NO;
				CLANG_ANALYZER_NONNULL = YES;
				CLANG_CXX_LANGUAGE_STANDARD = "gnu++0x";
				CLANG_CXX_LIBRARY = "libc++";
				CLANG_ENABLE_MODULES = YES;
				CLANG_ENABLE_OBJC_ARC = YES;
				CLANG_WARN_BOOL_CONVERSION = YES;
				CLANG_WARN_CONSTANT_CONVERSION = YES;
				CLANG_WARN_DIRECT_OBJC_ISA_USAGE = YES_ERROR;
				CLANG_WARN_DOCUMENTATION_COMMENTS = YES;
				CLANG_WARN_EMPTY_BODY = YES;
				CLANG_WARN_ENUM_CONVERSION = YES;
				CLANG_WARN_INFINITE_RECURSION = YES;
				CLANG_WARN_INT_CONVERSION = YES;
				CLANG_WARN_OBJC_ROOT_CLASS = YES_ERROR;
				CLANG_WARN_SUSPICIOUS_MOVES = YES;
				CLANG_WARN_UNREACHABLE_CODE = YES;
				CLANG_WARN__DUPLICATE_METHOD_MATCH = YES;
				"CODE_SIGN_IDENTITY[sdk=iphoneos*]" = "iPhone Developer";
				COPY_PHASE_STRIP = NO;
				DEBUG_INFORMATION_FORMAT = "dwarf-with-dsym";
				ENABLE_NS_ASSERTIONS = NO;
				ENABLE_STRICT_OBJC_MSGSEND = YES;
				GCC_C_LANGUAGE_STANDARD = gnu99;
				GCC_NO_COMMON_BLOCKS = YES;
				GCC_WARN_64_TO_32_BIT_CONVERSION = YES;
				GCC_WARN_ABOUT_RETURN_TYPE = YES_ERROR;
				GCC_WARN_UNDECLARED_SELECTOR = YES;
				GCC_WARN_UNINITIALIZED_AUTOS = YES_AGGRESSIVE;
				GCC_WARN_UNUSED_FUNCTION = YES;
				GCC_WARN_UNUSED_VARIABLE = YES;
				IPHONEOS_DEPLOYMENT_TARGET = 10.1;
				MTL_ENABLE_DEBUG_INFO = NO;
				SDKROOT = iphoneos;
				SWIFT_OPTIMIZATION_LEVEL = "-Owholemodule";
				TARGETED_DEVICE_FAMILY = "1,2";
				VALIDATE_PRODUCT = YES;
			};
			name = Release;
		};
		3FF5CBD31DDB7906007F7AB8 /* Debug */ = {
			isa = XCBuildConfiguration;
			buildSettings = {
				ASSETCATALOG_COMPILER_APPICON_NAME = AppIcon;
				DEVELOPMENT_TEAM = 4985R99DYD;
				INFOPLIST_FILE = TicTacToe/Info.plist;
				LD_RUNPATH_SEARCH_PATHS = "$(inherited) @executable_path/Frameworks";
				PRODUCT_BUNDLE_IDENTIFIER = TicTacToe;
				PRODUCT_NAME = "$(TARGET_NAME)";
				SWIFT_VERSION = 3.0;
			};
			name = Debug;
		};
		3FF5CBD41DDB7906007F7AB8 /* Release */ = {
			isa = XCBuildConfiguration;
			buildSettings = {
				ASSETCATALOG_COMPILER_APPICON_NAME = AppIcon;
				DEVELOPMENT_TEAM = 4985R99DYD;
				INFOPLIST_FILE = TicTacToe/Info.plist;
				LD_RUNPATH_SEARCH_PATHS = "$(inherited) @executable_path/Frameworks";
				PRODUCT_BUNDLE_IDENTIFIER = TicTacToe;
				PRODUCT_NAME = "$(TARGET_NAME)";
				SWIFT_VERSION = 3.0;
			};
			name = Release;
		};
		3FF5CBD61DDB7906007F7AB8 /* Debug */ = {
			isa = XCBuildConfiguration;
			buildSettings = {
				ALWAYS_EMBED_SWIFT_STANDARD_LIBRARIES = YES;
				BUNDLE_LOADER = "$(TEST_HOST)";
				INFOPLIST_FILE = TicTacToeTests/Info.plist;
				LD_RUNPATH_SEARCH_PATHS = "$(inherited) @executable_path/Frameworks @loader_path/Frameworks";
				PRODUCT_BUNDLE_IDENTIFIER = mm.TicTacToeTests;
				PRODUCT_NAME = "$(TARGET_NAME)";
				SWIFT_VERSION = 3.0;
				TEST_HOST = "$(BUILT_PRODUCTS_DIR)/TicTacToe.app/TicTacToe";
			};
			name = Debug;
		};
		3FF5CBD71DDB7906007F7AB8 /* Release */ = {
			isa = XCBuildConfiguration;
			buildSettings = {
				ALWAYS_EMBED_SWIFT_STANDARD_LIBRARIES = YES;
				BUNDLE_LOADER = "$(TEST_HOST)";
				INFOPLIST_FILE = TicTacToeTests/Info.plist;
				LD_RUNPATH_SEARCH_PATHS = "$(inherited) @executable_path/Frameworks @loader_path/Frameworks";
				PRODUCT_BUNDLE_IDENTIFIER = mm.TicTacToeTests;
				PRODUCT_NAME = "$(TARGET_NAME)";
				SWIFT_VERSION = 3.0;
				TEST_HOST = "$(BUILT_PRODUCTS_DIR)/TicTacToe.app/TicTacToe";
			};
			name = Release;
		};
		3FF5CBD91DDB7906007F7AB8 /* Debug */ = {
			isa = XCBuildConfiguration;
			buildSettings = {
				ALWAYS_EMBED_SWIFT_STANDARD_LIBRARIES = YES;
				INFOPLIST_FILE = TicTacToeUITests/Info.plist;
				LD_RUNPATH_SEARCH_PATHS = "$(inherited) @executable_path/Frameworks @loader_path/Frameworks";
				PRODUCT_BUNDLE_IDENTIFIER = mm.TicTacToeUITests;
				PRODUCT_NAME = "$(TARGET_NAME)";
				SWIFT_VERSION = 3.0;
				TEST_TARGET_NAME = TicTacToe;
			};
			name = Debug;
		};
		3FF5CBDA1DDB7906007F7AB8 /* Release */ = {
			isa = XCBuildConfiguration;
			buildSettings = {
				ALWAYS_EMBED_SWIFT_STANDARD_LIBRARIES = YES;
				INFOPLIST_FILE = TicTacToeUITests/Info.plist;
				LD_RUNPATH_SEARCH_PATHS = "$(inherited) @executable_path/Frameworks @loader_path/Frameworks";
				PRODUCT_BUNDLE_IDENTIFIER = mm.TicTacToeUITests;
				PRODUCT_NAME = "$(TARGET_NAME)";
				SWIFT_VERSION = 3.0;
				TEST_TARGET_NAME = TicTacToe;
			};
			name = Release;
		};
/* End XCBuildConfiguration section */

/* Begin XCConfigurationList section */
		3FF5CBA51DDB7905007F7AB8 /* Build configuration list for PBXProject "TicTacToe" */ = {
			isa = XCConfigurationList;
			buildConfigurations = (
				3FF5CBD01DDB7906007F7AB8 /* Debug */,
				3FF5CBD11DDB7906007F7AB8 /* Release */,
			);
			defaultConfigurationIsVisible = 0;
			defaultConfigurationName = Release;
		};
		3FF5CBD21DDB7906007F7AB8 /* Build configuration list for PBXNativeTarget "TicTacToe" */ = {
			isa = XCConfigurationList;
			buildConfigurations = (
				3FF5CBD31DDB7906007F7AB8 /* Debug */,
				3FF5CBD41DDB7906007F7AB8 /* Release */,
			);
			defaultConfigurationIsVisible = 0;
		};
		3FF5CBD51DDB7906007F7AB8 /* Build configuration list for PBXNativeTarget "TicTacToeTests" */ = {
			isa = XCConfigurationList;
			buildConfigurations = (
				3FF5CBD61DDB7906007F7AB8 /* Debug */,
				3FF5CBD71DDB7906007F7AB8 /* Release */,
			);
			defaultConfigurationIsVisible = 0;
		};
		3FF5CBD81DDB7906007F7AB8 /* Build configuration list for PBXNativeTarget "TicTacToeUITests" */ = {
			isa = XCConfigurationList;
			buildConfigurations = (
				3FF5CBD91DDB7906007F7AB8 /* Debug */,
				3FF5CBDA1DDB7906007F7AB8 /* Release */,
			);
			defaultConfigurationIsVisible = 0;
		};
/* End XCConfigurationList section */
	};
	rootObject = 3FF5CBA21DDB7905007F7AB8 /* Project object */;
}
